// !$*UTF8*$!
{
	archiveVersion = 1;
	classes = {
	};
	objectVersion = 51;
	objects = {

/* Begin PBXBuildFile section */
		114A9BCE2C6926BBEF41C38A /* Pods_Narsha.framework in Frameworks */ = {isa = PBXBuildFile; fileRef = 118FD97F9120C50D8397AB28 /* Pods_Narsha.framework */; };
		62553B33255E43540058EFBE /* CafeVC.swift in Sources */ = {isa = PBXBuildFile; fileRef = 62553B32255E43540058EFBE /* CafeVC.swift */; };
		625A74C6255ED72500565A21 /* detailVC.swift in Sources */ = {isa = PBXBuildFile; fileRef = 625A74C5255ED72500565A21 /* detailVC.swift */; };
		625A74D1255FCDB900565A21 /* MartVC.swift in Sources */ = {isa = PBXBuildFile; fileRef = 625A74D0255FCDB900565A21 /* MartVC.swift */; };
		62C38AB3255AADFB0095A473 /* AppDelegate.swift in Sources */ = {isa = PBXBuildFile; fileRef = 62C38AB2255AADFB0095A473 /* AppDelegate.swift */; };
		62C38AB5255AADFB0095A473 /* SceneDelegate.swift in Sources */ = {isa = PBXBuildFile; fileRef = 62C38AB4255AADFB0095A473 /* SceneDelegate.swift */; };
		62C38ABA255AADFB0095A473 /* Main.storyboard in Resources */ = {isa = PBXBuildFile; fileRef = 62C38AB8255AADFB0095A473 /* Main.storyboard */; };
		62C38ABF255AADFD0095A473 /* Assets.xcassets in Resources */ = {isa = PBXBuildFile; fileRef = 62C38ABE255AADFD0095A473 /* Assets.xcassets */; };
		62C38AC2255AADFD0095A473 /* LaunchScreen.storyboard in Resources */ = {isa = PBXBuildFile; fileRef = 62C38AC0255AADFD0095A473 /* LaunchScreen.storyboard */; };
		62C38ACD255AAED10095A473 /* customCell.swift in Sources */ = {isa = PBXBuildFile; fileRef = 62C38ACC255AAED10095A473 /* customCell.swift */; };
		62C38AD1255AAF300095A473 /* RestVC.swift in Sources */ = {isa = PBXBuildFile; fileRef = 62C38AD0255AAF300095A473 /* RestVC.swift */; };
/* End PBXBuildFile section */

/* Begin PBXFileReference section */
		118FD97F9120C50D8397AB28 /* Pods_Narsha.framework */ = {isa = PBXFileReference; explicitFileType = wrapper.framework; includeInIndex = 0; path = Pods_Narsha.framework; sourceTree = BUILT_PRODUCTS_DIR; };
		343EF88E84342EEA2E485575 /* Pods-Narsha.release.xcconfig */ = {isa = PBXFileReference; includeInIndex = 1; lastKnownFileType = text.xcconfig; name = "Pods-Narsha.release.xcconfig"; path = "Target Support Files/Pods-Narsha/Pods-Narsha.release.xcconfig"; sourceTree = "<group>"; };
		62553B32255E43540058EFBE /* CafeVC.swift */ = {isa = PBXFileReference; lastKnownFileType = sourcecode.swift; path = CafeVC.swift; sourceTree = "<group>"; };
		625A74C5255ED72500565A21 /* detailVC.swift */ = {isa = PBXFileReference; lastKnownFileType = sourcecode.swift; path = detailVC.swift; sourceTree = "<group>"; };
		625A74D0255FCDB900565A21 /* MartVC.swift */ = {isa = PBXFileReference; lastKnownFileType = sourcecode.swift; path = MartVC.swift; sourceTree = "<group>"; };
		62C38AAF255AADFB0095A473 /* Narsha.app */ = {isa = PBXFileReference; explicitFileType = wrapper.application; includeInIndex = 0; path = Narsha.app; sourceTree = BUILT_PRODUCTS_DIR; };
		62C38AB2255AADFB0095A473 /* AppDelegate.swift */ = {isa = PBXFileReference; lastKnownFileType = sourcecode.swift; path = AppDelegate.swift; sourceTree = "<group>"; };
		62C38AB4255AADFB0095A473 /* SceneDelegate.swift */ = {isa = PBXFileReference; lastKnownFileType = sourcecode.swift; path = SceneDelegate.swift; sourceTree = "<group>"; };
		62C38AB9255AADFB0095A473 /* Base */ = {isa = PBXFileReference; lastKnownFileType = file.storyboard; name = Base; path = Base.lproj/Main.storyboard; sourceTree = "<group>"; };
		62C38ABE255AADFD0095A473 /* Assets.xcassets */ = {isa = PBXFileReference; lastKnownFileType = folder.assetcatalog; path = Assets.xcassets; sourceTree = "<group>"; };
		62C38AC1255AADFD0095A473 /* Base */ = {isa = PBXFileReference; lastKnownFileType = file.storyboard; name = Base; path = Base.lproj/LaunchScreen.storyboard; sourceTree = "<group>"; };
		62C38AC3255AADFD0095A473 /* Info.plist */ = {isa = PBXFileReference; lastKnownFileType = text.plist.xml; path = Info.plist; sourceTree = "<group>"; };
		62C38ACC255AAED10095A473 /* customCell.swift */ = {isa = PBXFileReference; lastKnownFileType = sourcecode.swift; path = customCell.swift; sourceTree = "<group>"; };
		62C38AD0255AAF300095A473 /* RestVC.swift */ = {isa = PBXFileReference; lastKnownFileType = sourcecode.swift; path = RestVC.swift; sourceTree = "<group>"; };
		E8C5F7CF71D5C1AF60B286A4 /* Pods-Narsha.debug.xcconfig */ = {isa = PBXFileReference; includeInIndex = 1; lastKnownFileType = text.xcconfig; name = "Pods-Narsha.debug.xcconfig"; path = "Target Support Files/Pods-Narsha/Pods-Narsha.debug.xcconfig"; sourceTree = "<group>"; };
/* End PBXFileReference section */

/* Begin PBXFrameworksBuildPhase section */
		62C38AAC255AADFB0095A473 /* Frameworks */ = {
			isa = PBXFrameworksBuildPhase;
			buildActionMask = 2147483647;
			files = (
				114A9BCE2C6926BBEF41C38A /* Pods_Narsha.framework in Frameworks */,
			);
			runOnlyForDeploymentPostprocessing = 0;
		};
/* End PBXFrameworksBuildPhase section */

/* Begin PBXGroup section */
		2BF47EDB401C13A1F570A48F /* Frameworks */ = {
			isa = PBXGroup;
			children = (
				118FD97F9120C50D8397AB28 /* Pods_Narsha.framework */,
			);
			name = Frameworks;
			sourceTree = "<group>";
		};
		625A74C4255ED69700565A21 /* cell */ = {
			isa = PBXGroup;
			children = (
				62C38ACC255AAED10095A473 /* customCell.swift */,
			);
			path = cell;
			sourceTree = "<group>";
		};
		62C38AA6255AADFB0095A473 = {
			isa = PBXGroup;
			children = (
				62C38AB1255AADFB0095A473 /* Narsha */,
				62C38AB0255AADFB0095A473 /* Products */,
				DB094E249D4E9A8DE58A891E /* Pods */,
				2BF47EDB401C13A1F570A48F /* Frameworks */,
			);
			sourceTree = "<group>";
		};
		62C38AB0255AADFB0095A473 /* Products */ = {
			isa = PBXGroup;
			children = (
				62C38AAF255AADFB0095A473 /* Narsha.app */,
			);
			name = Products;
			sourceTree = "<group>";
		};
		62C38AB1255AADFB0095A473 /* Narsha */ = {
			isa = PBXGroup;
			children = (
				62C38AB2255AADFB0095A473 /* AppDelegate.swift */,
				62C38AB4255AADFB0095A473 /* SceneDelegate.swift */,
				625A74C4255ED69700565A21 /* cell */,
				62C38ACB255AAEA80095A473 /* Controllers */,
				62C38AB8255AADFB0095A473 /* Main.storyboard */,
				62C38ABE255AADFD0095A473 /* Assets.xcassets */,
				62C38AC0255AADFD0095A473 /* LaunchScreen.storyboard */,
				62C38AC3255AADFD0095A473 /* Info.plist */,
			);
			path = Narsha;
			sourceTree = "<group>";
		};
		62C38ACB255AAEA80095A473 /* Controllers */ = {
			isa = PBXGroup;
			children = (
				62C38AD0255AAF300095A473 /* RestVC.swift */,
				62553B32255E43540058EFBE /* CafeVC.swift */,
				625A74C5255ED72500565A21 /* detailVC.swift */,
				625A74D0255FCDB900565A21 /* MartVC.swift */,
			);
			path = Controllers;
			sourceTree = "<group>";
		};
		DB094E249D4E9A8DE58A891E /* Pods */ = {
			isa = PBXGroup;
			children = (
				E8C5F7CF71D5C1AF60B286A4 /* Pods-Narsha.debug.xcconfig */,
				343EF88E84342EEA2E485575 /* Pods-Narsha.release.xcconfig */,
			);
			path = Pods;
			sourceTree = "<group>";
		};
/* End PBXGroup section */

/* Begin PBXNativeTarget section */
		62C38AAE255AADFB0095A473 /* Narsha */ = {
			isa = PBXNativeTarget;
			buildConfigurationList = 62C38AC6255AADFD0095A473 /* Build configuration list for PBXNativeTarget "Narsha" */;
			buildPhases = (
				47525269D25D164D8599FD84 /* [CP] Check Pods Manifest.lock */,
				62C38AAB255AADFB0095A473 /* Sources */,
				62C38AAC255AADFB0095A473 /* Frameworks */,
				62C38AAD255AADFB0095A473 /* Resources */,
				3D81E81A4B5B5D9CB5EE74C6 /* [CP] Embed Pods Frameworks */,
			);
			buildRules = (
			);
			dependencies = (
			);
			name = Narsha;
			productName = Narsha;
			productReference = 62C38AAF255AADFB0095A473 /* Narsha.app */;
			productType = "com.apple.product-type.application";
		};
/* End PBXNativeTarget section */

/* Begin PBXProject section */
		62C38AA7255AADFB0095A473 /* Project object */ = {
			isa = PBXProject;
			attributes = {
				LastSwiftUpdateCheck = 1210;
				LastUpgradeCheck = 1210;
				TargetAttributes = {
					62C38AAE255AADFB0095A473 = {
						CreatedOnToolsVersion = 12.1;
					};
				};
			};
			buildConfigurationList = 62C38AAA255AADFB0095A473 /* Build configuration list for PBXProject "Narsha" */;
			compatibilityVersion = "Xcode 9.3";
			developmentRegion = en;
			hasScannedForEncodings = 0;
			knownRegions = (
				en,
				Base,
			);
			mainGroup = 62C38AA6255AADFB0095A473;
			productRefGroup = 62C38AB0255AADFB0095A473 /* Products */;
			projectDirPath = "";
			projectRoot = "";
			targets = (
				62C38AAE255AADFB0095A473 /* Narsha */,
			);
		};
/* End PBXProject section */

/* Begin PBXResourcesBuildPhase section */
		62C38AAD255AADFB0095A473 /* Resources */ = {
			isa = PBXResourcesBuildPhase;
			buildActionMask = 2147483647;
			files = (
				62C38AC2255AADFD0095A473 /* LaunchScreen.storyboard in Resources */,
				62C38ABF255AADFD0095A473 /* Assets.xcassets in Resources */,
				62C38ABA255AADFB0095A473 /* Main.storyboard in Resources */,
			);
			runOnlyForDeploymentPostprocessing = 0;
		};
/* End PBXResourcesBuildPhase section */

/* Begin PBXShellScriptBuildPhase section */
		3D81E81A4B5B5D9CB5EE74C6 /* [CP] Embed Pods Frameworks */ = {
			isa = PBXShellScriptBuildPhase;
			buildActionMask = 2147483647;
			files = (
			);
			inputFileListPaths = (
				"${PODS_ROOT}/Target Support Files/Pods-Narsha/Pods-Narsha-frameworks-${CONFIGURATION}-input-files.xcfilelist",
			);
			name = "[CP] Embed Pods Frameworks";
			outputFileListPaths = (
				"${PODS_ROOT}/Target Support Files/Pods-Narsha/Pods-Narsha-frameworks-${CONFIGURATION}-output-files.xcfilelist",
			);
			runOnlyForDeploymentPostprocessing = 0;
			shellPath = /bin/sh;
			shellScript = "\"${PODS_ROOT}/Target Support Files/Pods-Narsha/Pods-Narsha-frameworks.sh\"\n";
			showEnvVarsInLog = 0;
		};
		47525269D25D164D8599FD84 /* [CP] Check Pods Manifest.lock */ = {
			isa = PBXShellScriptBuildPhase;
			buildActionMask = 2147483647;
			files = (
			);
			inputFileListPaths = (
			);
			inputPaths = (
				"${PODS_PODFILE_DIR_PATH}/Podfile.lock",
				"${PODS_ROOT}/Manifest.lock",
			);
			name = "[CP] Check Pods Manifest.lock";
			outputFileListPaths = (
			);
			outputPaths = (
				"$(DERIVED_FILE_DIR)/Pods-Narsha-checkManifestLockResult.txt",
			);
			runOnlyForDeploymentPostprocessing = 0;
			shellPath = /bin/sh;
			shellScript = "diff \"${PODS_PODFILE_DIR_PATH}/Podfile.lock\" \"${PODS_ROOT}/Manifest.lock\" > /dev/null\nif [ $? != 0 ] ; then\n    # print error to STDERR\n    echo \"error: The sandbox is not in sync with the Podfile.lock. Run 'pod install' or update your CocoaPods installation.\" >&2\n    exit 1\nfi\n# This output is used by Xcode 'outputs' to avoid re-running this script phase.\necho \"SUCCESS\" > \"${SCRIPT_OUTPUT_FILE_0}\"\n";
			showEnvVarsInLog = 0;
		};
/* End PBXShellScriptBuildPhase section */

/* Begin PBXSourcesBuildPhase section */
		62C38AAB255AADFB0095A473 /* Sources */ = {
			isa = PBXSourcesBuildPhase;
			buildActionMask = 2147483647;
			files = (
				62C38AD1255AAF300095A473 /* RestVC.swift in Sources */,
				62C38ACD255AAED10095A473 /* customCell.swift in Sources */,
				62553B33255E43540058EFBE /* CafeVC.swift in Sources */,
				625A74D1255FCDB900565A21 /* MartVC.swift in Sources */,
				62C38AB3255AADFB0095A473 /* AppDelegate.swift in Sources */,
				625A74C6255ED72500565A21 /* detailVC.swift in Sources */,
				62C38AB5255AADFB0095A473 /* SceneDelegate.swift in Sources */,
			);
			runOnlyForDeploymentPostprocessing = 0;
		};
/* End PBXSourcesBuildPhase section */

/* Begin PBXVariantGroup section */
		62C38AB8255AADFB0095A473 /* Main.storyboard */ = {
			isa = PBXVariantGroup;
			children = (
				62C38AB9255AADFB0095A473 /* Base */,
			);
			name = Main.storyboard;
			sourceTree = "<group>";
		};
		62C38AC0255AADFD0095A473 /* LaunchScreen.storyboard */ = {
			isa = PBXVariantGroup;
			children = (
				62C38AC1255AADFD0095A473 /* Base */,
			);
			name = LaunchScreen.storyboard;
			sourceTree = "<group>";
		};
/* End PBXVariantGroup section */

/* Begin XCBuildConfiguration section */
		62C38AC4255AADFD0095A473 /* Debug */ = {
			isa = XCBuildConfiguration;
			buildSettings = {
				ALWAYS_SEARCH_USER_PATHS = NO;
				CLANG_ANALYZER_NONNULL = YES;
				CLANG_ANALYZER_NUMBER_OBJECT_CONVERSION = YES_AGGRESSIVE;
				CLANG_CXX_LANGUAGE_STANDARD = "gnu++14";
				CLANG_CXX_LIBRARY = "libc++";
				CLANG_ENABLE_MODULES = YES;
				CLANG_ENABLE_OBJC_ARC = YES;
				CLANG_ENABLE_OBJC_WEAK = YES;
				CLANG_WARN_BLOCK_CAPTURE_AUTORELEASING = YES;
				CLANG_WARN_BOOL_CONVERSION = YES;
				CLANG_WARN_COMMA = YES;
				CLANG_WARN_CONSTANT_CONVERSION = YES;
				CLANG_WARN_DEPRECATED_OBJC_IMPLEMENTATIONS = YES;
				CLANG_WARN_DIRECT_OBJC_ISA_USAGE = YES_ERROR;
				CLANG_WARN_DOCUMENTATION_COMMENTS = YES;
				CLANG_WARN_EMPTY_BODY = YES;
				CLANG_WARN_ENUM_CONVERSION = YES;
				CLANG_WARN_INFINITE_RECURSION = YES;
				CLANG_WARN_INT_CONVERSION = YES;
				CLANG_WARN_NON_LITERAL_NULL_CONVERSION = YES;
				CLANG_WARN_OBJC_IMPLICIT_RETAIN_SELF = YES;
				CLANG_WARN_OBJC_LITERAL_CONVERSION = YES;
				CLANG_WARN_OBJC_ROOT_CLASS = YES_ERROR;
				CLANG_WARN_QUOTED_INCLUDE_IN_FRAMEWORK_HEADER = YES;
				CLANG_WARN_RANGE_LOOP_ANALYSIS = YES;
				CLANG_WARN_STRICT_PROTOTYPES = YES;
				CLANG_WARN_SUSPICIOUS_MOVE = YES;
				CLANG_WARN_UNGUARDED_AVAILABILITY = YES_AGGRESSIVE;
				CLANG_WARN_UNREACHABLE_CODE = YES;
				CLANG_WARN__DUPLICATE_METHOD_MATCH = YES;
				COPY_PHASE_STRIP = NO;
				DEBUG_INFORMATION_FORMAT = dwarf;
				ENABLE_STRICT_OBJC_MSGSEND = YES;
				ENABLE_TESTABILITY = YES;
				GCC_C_LANGUAGE_STANDARD = gnu11;
				GCC_DYNAMIC_NO_PIC = NO;
				GCC_NO_COMMON_BLOCKS = YES;
				GCC_OPTIMIZATION_LEVEL = 0;
				GCC_PREPROCESSOR_DEFINITIONS = (
					"DEBUG=1",
					"$(inherited)",
				);
				GCC_WARN_64_TO_32_BIT_CONVERSION = YES;
				GCC_WARN_ABOUT_RETURN_TYPE = YES_ERROR;
				GCC_WARN_UNDECLARED_SELECTOR = YES;
				GCC_WARN_UNINITIALIZED_AUTOS = YES_AGGRESSIVE;
				GCC_WARN_UNUSED_FUNCTION = YES;
				GCC_WARN_UNUSED_VARIABLE = YES;
				IPHONEOS_DEPLOYMENT_TARGET = 14.2;
				MTL_ENABLE_DEBUG_INFO = INCLUDE_SOURCE;
				MTL_FAST_MATH = YES;
				ONLY_ACTIVE_ARCH = YES;
				SDKROOT = iphoneos;
				SWIFT_ACTIVE_COMPILATION_CONDITIONS = DEBUG;
				SWIFT_OPTIMIZATION_LEVEL = "-Onone";
			};
			name = Debug;
		};
		62C38AC5255AADFD0095A473 /* Release */ = {
			isa = XCBuildConfiguration;
			buildSettings = {
				ALWAYS_SEARCH_USER_PATHS = NO;
				CLANG_ANALYZER_NONNULL = YES;
				CLANG_ANALYZER_NUMBER_OBJECT_CONVERSION = YES_AGGRESSIVE;
				CLANG_CXX_LANGUAGE_STANDARD = "gnu++14";
				CLANG_CXX_LIBRARY = "libc++";
				CLANG_ENABLE_MODULES = YES;
				CLANG_ENABLE_OBJC_ARC = YES;
				CLANG_ENABLE_OBJC_WEAK = YES;
				CLANG_WARN_BLOCK_CAPTURE_AUTORELEASING = YES;
				CLANG_WARN_BOOL_CONVERSION = YES;
				CLANG_WARN_COMMA = YES;
				CLANG_WARN_CONSTANT_CONVERSION = YES;
				CLANG_WARN_DEPRECATED_OBJC_IMPLEMENTATIONS = YES;
				CLANG_WARN_DIRECT_OBJC_ISA_USAGE = YES_ERROR;
				CLANG_WARN_DOCUMENTATION_COMMENTS = YES;
				CLANG_WARN_EMPTY_BODY = YES;
				CLANG_WARN_ENUM_CONVERSION = YES;
				CLANG_WARN_INFINITE_RECURSION = YES;
				CLANG_WARN_INT_CONVERSION = YES;
				CLANG_WARN_NON_LITERAL_NULL_CONVERSION = YES;
				CLANG_WARN_OBJC_IMPLICIT_RETAIN_SELF = YES;
				CLANG_WARN_OBJC_LITERAL_CONVERSION = YES;
				CLANG_WARN_OBJC_ROOT_CLASS = YES_ERROR;
				CLANG_WARN_QUOTED_INCLUDE_IN_FRAMEWORK_HEADER = YES;
				CLANG_WARN_RANGE_LOOP_ANALYSIS = YES;
				CLANG_WARN_STRICT_PROTOTYPES = YES;
				CLANG_WARN_SUSPICIOUS_MOVE = YES;
				CLANG_WARN_UNGUARDED_AVAILABILITY = YES_AGGRESSIVE;
				CLANG_WARN_UNREACHABLE_CODE = YES;
				CLANG_WARN__DUPLICATE_METHOD_MATCH = YES;
				COPY_PHASE_STRIP = NO;
				DEBUG_INFORMATION_FORMAT = "dwarf-with-dsym";
				ENABLE_NS_ASSERTIONS = NO;
				ENABLE_STRICT_OBJC_MSGSEND = YES;
				GCC_C_LANGUAGE_STANDARD = gnu11;
				GCC_NO_COMMON_BLOCKS = YES;
				GCC_WARN_64_TO_32_BIT_CONVERSION = YES;
				GCC_WARN_ABOUT_RETURN_TYPE = YES_ERROR;
				GCC_WARN_UNDECLARED_SELECTOR = YES;
				GCC_WARN_UNINITIALIZED_AUTOS = YES_AGGRESSIVE;
				GCC_WARN_UNUSED_FUNCTION = YES;
				GCC_WARN_UNUSED_VARIABLE = YES;
				IPHONEOS_DEPLOYMENT_TARGET = 14.2;
				MTL_ENABLE_DEBUG_INFO = NO;
				MTL_FAST_MATH = YES;
				SDKROOT = iphoneos;
				SWIFT_COMPILATION_MODE = wholemodule;
				SWIFT_OPTIMIZATION_LEVEL = "-O";
				VALIDATE_PRODUCT = YES;
			};
			name = Release;
		};
		62C38AC7255AADFD0095A473 /* Debug */ = {
			isa = XCBuildConfiguration;
			baseConfigurationReference = E8C5F7CF71D5C1AF60B286A4 /* Pods-Narsha.debug.xcconfig */;
			buildSettings = {
				ASSETCATALOG_COMPILER_APPICON_NAME = AppIcon;
				ASSETCATALOG_COMPILER_GLOBAL_ACCENT_COLOR_NAME = AccentColor;
				CODE_SIGN_ENTITLEMENTS = Narsha/Narsha.entitlements;
				CODE_SIGN_STYLE = Automatic;
				DEVELOPMENT_TEAM = Q23JLSJCCV;
				INFOPLIST_FILE = Narsha/Info.plist;
				IPHONEOS_DEPLOYMENT_TARGET = 14.1;
				LD_RUNPATH_SEARCH_PATHS = (
					"$(inherited)",
					"@executable_path/Frameworks",
				);
				PRODUCT_BUNDLE_IDENTIFIER = kr.hs.dgsw.Narsha.guji;
				PRODUCT_NAME = "$(TARGET_NAME)";
				SUPPORTS_MACCATALYST = NO;
				SWIFT_VERSION = 5.0;
				TARGETED_DEVICE_FAMILY = "1,2";
			};
			name = Debug;
		};
		62C38AC8255AADFD0095A473 /* Release */ = {
			isa = XCBuildConfiguration;
			baseConfigurationReference = 343EF88E84342EEA2E485575 /* Pods-Narsha.release.xcconfig */;
			buildSettings = {
				ASSETCATALOG_COMPILER_APPICON_NAME = AppIcon;
				ASSETCATALOG_COMPILER_GLOBAL_ACCENT_COLOR_NAME = AccentColor;
				CODE_SIGN_ENTITLEMENTS = Narsha/Narsha.entitlements;
				CODE_SIGN_STYLE = Automatic;
				DEVELOPMENT_TEAM = Q23JLSJCCV;
				INFOPLIST_FILE = Narsha/Info.plist;
				IPHONEOS_DEPLOYMENT_TARGET = 14.1;
				LD_RUNPATH_SEARCH_PATHS = (
					"$(inherited)",
					"@executable_path/Frameworks",
				);
				PRODUCT_BUNDLE_IDENTIFIER = kr.hs.dgsw.Narsha.guji;
				PRODUCT_NAME = "$(TARGET_NAME)";
				SUPPORTS_MACCATALYST = NO;
				SWIFT_VERSION = 5.0;
				TARGETED_DEVICE_FAMILY = "1,2";
			};
			name = Release;
		};
/* End XCBuildConfiguration section */

/* Begin XCConfigurationList section */
		62C38AAA255AADFB0095A473 /* Build configuration list for PBXProject "Narsha" */ = {
			isa = XCConfigurationList;
			buildConfigurations = (
				62C38AC4255AADFD0095A473 /* Debug */,
				62C38AC5255AADFD0095A473 /* Release */,
			);
			defaultConfigurationIsVisible = 0;
			defaultConfigurationName = Release;
		};
		62C38AC6255AADFD0095A473 /* Build configuration list for PBXNativeTarget "Narsha" */ = {
			isa = XCConfigurationList;
			buildConfigurations = (
				62C38AC7255AADFD0095A473 /* Debug */,
				62C38AC8255AADFD0095A473 /* Release */,
			);
			defaultConfigurationIsVisible = 0;
			defaultConfigurationName = Release;
		};
/* End XCConfigurationList section */
	};
	rootObject = 62C38AA7255AADFB0095A473 /* Project object */;
}
